
Microsoft Visual Studio Solution File, Format Version 12.00
# Visual Studio 2012
Project("{FAE04EC0-301F-11D3-BF4B-00C04F79EFBC}") = "serialization", "serialization\serialization.csproj", "{488B1FFA-4DFB-4B89-B947-506E8F570036}"
EndProject
Project("{2150E333-8FDC-42A3-9474-1A3956D46DE8}") = ".nuget", ".nuget", "{2508BABA-2C7D-4900-8C71-DB2DC14DAAA5}"
	ProjectSection(SolutionItems) = preProject
		.nuget\NuGet.Config = .nuget\NuGet.Config
		.nuget\NuGet.exe = .nuget\NuGet.exe
		.nuget\NuGet.targets = .nuget\NuGet.targets
	EndProjectSection
EndProject
Global
	GlobalSection(SolutionConfigurationPlatforms) = preSolution
		Debug|Any CPU = Debug|Any CPU
		Release|Any CPU = Release|Any CPU
	EndGlobalSection
	GlobalSection(ProjectConfigurationPlatforms) = postSolution
		{488B1FFA-4DFB-4B89-B947-506E8F570036}.Debug|Any CPU.ActiveCfg = Debug|Any CPU
		{488B1FFA-4DFB-4B89-B947-506E8F570036}.Debug|Any CPU.Build.0 = Debug|Any CPU
		{488B1FFA-4DFB-4B89-B947-506E8F570036}.Release|Any CPU.ActiveCfg = Release|Any CPU
		{488B1FFA-4DFB-4B89-B947-506E8F570036}.Release|Any CPU.Build.0 = Release|Any CPU
	EndGlobalSection
	GlobalSection(SolutionProperties) = preSolution
		HideSolutionNode = FALSE
	EndGlobalSection
EndGlobal
